
Microsoft Visual Studio Solution File, Format Version 12.00
# Visual Studio Version 16
VisualStudioVersion = 16.0.31321.278
MinimumVisualStudioVersion = 10.0.40219.1
Project("{9A19103F-16F7-4668-BE54-9A1E7A4F7556}") = "ConsoleApp1", "ConsoleApp1\ConsoleApp1.csproj", "{6A39F03E-886C-430D-9D45-91A17A9CA94E}"
EndProject
Project("{FAE04EC0-301F-11D3-BF4B-00C04F79EFBC}") = "ConsoleApp2", "ConsoleApp2\ConsoleApp2.csproj", "{D153C72A-CA8E-4BF2-85D1-9F3324A24617}"
EndProject
Global
	GlobalSection(SolutionConfigurationPlatforms) = preSolution
		Debug|Any CPU = Debug|Any CPU
		Release|Any CPU = Release|Any CPU
	EndGlobalSection
	GlobalSection(ProjectConfigurationPlatforms) = postSolution
		{6A39F03E-886C-430D-9D45-91A17A9CA94E}.Debug|Any CPU.ActiveCfg = Debug|Any CPU
		{6A39F03E-886C-430D-9D45-91A17A9CA94E}.Debug|Any CPU.Build.0 = Debug|Any CPU
		{6A39F03E-886C-430D-9D45-91A17A9CA94E}.Release|Any CPU.ActiveCfg = Release|Any CPU
		{6A39F03E-886C-430D-9D45-91A17A9CA94E}.Release|Any CPU.Build.0 = Release|Any CPU
		{D153C72A-CA8E-4BF2-85D1-9F3324A24617}.Debug|Any CPU.ActiveCfg = Debug|Any CPU
		{D153C72A-CA8E-4BF2-85D1-9F3324A24617}.Debug|Any CPU.Build.0 = Debug|Any CPU
		{D153C72A-CA8E-4BF2-85D1-9F3324A24617}.Release|Any CPU.ActiveCfg = Release|Any CPU
		{D153C72A-CA8E-4BF2-85D1-9F3324A24617}.Release|Any CPU.Build.0 = Release|Any CPU
	EndGlobalSection
	GlobalSection(SolutionProperties) = preSolution
		HideSolutionNode = FALSE
	EndGlobalSection
	GlobalSection(ExtensibilityGlobals) = postSolution
		SolutionGuid = {C22FB090-7F1D-417C-A082-72926234E6CC}
	EndGlobalSection
EndGlobal
